
Microsoft Visual Studio Solution File, Format Version 11.00
# Visual Studio 2010
Project("{FAE04EC0-301F-11D3-BF4B-00C04F79EFBC}") = "SuperWebSocket", "SuperWebSocket\SuperWebSocket.csproj", "{2DC79E40-BB70-4F6A-B378-905F2FBC6E97}"
EndProject
Project("{2150E333-8FDC-42A3-9474-1A3956D46DE8}") = "Shared", "Shared", "{648A0DD5-C619-4850-B437-817473349857}"
	ProjectSection(SolutionItems) = preProject
		GlobalAssemblyInfo.cs = GlobalAssemblyInfo.cs
	EndProjectSection
EndProject
Project("{FAE04EC0-301F-11D3-BF4B-00C04F79EFBC}") = "SuperWebSocketWeb", "Samples\SuperWebSocketWeb\SuperWebSocketWeb.csproj", "{9BA4110E-41D7-491B-9BAD-50C0EB10CFBC}"
EndProject
Project("{FAE04EC0-301F-11D3-BF4B-00C04F79EFBC}") = "C-StartByConfig-CommandAssembly", "Samples\CommandAssembly\C-StartByConfig-CommandAssembly.csproj", "{4A8713F5-DF02-4424-81F2-D112C615ADC2}"
EndProject
Project("{FAE04EC0-301F-11D3-BF4B-00C04F79EFBC}") = "F-JsonCommandAssembly", "Samples\JsonCommandAssembly\F-JsonCommandAssembly.csproj", "{31511A5E-6A0E-4DA3-AD7A-8C239634AF8A}"
EndProject
Project("{FAE04EC0-301F-11D3-BF4B-00C04F79EFBC}") = "E-CustomSession", "Samples\CustomSession\E-CustomSession.csproj", "{F922B5DE-5CCD-46D7-8F6A-F50EF45661F8}"
EndProject
Project("{2150E333-8FDC-42A3-9474-1A3956D46DE8}") = "Src", "Src", "{84BF674C-48D4-45B8-95E1-5D8994DBC0D7}"
EndProject
Project("{2150E333-8FDC-42A3-9474-1A3956D46DE8}") = "1-Basic", "1-Basic", "{0BF437CD-DA39-4384-A134-DE7103728B23}"
EndProject
Project("{FAE04EC0-301F-11D3-BF4B-00C04F79EFBC}") = "A-BasicConsole", "Samples\BasicConsole\A-BasicConsole.csproj", "{535FD785-14A4-4E44-B07A-B697A667FB58}"
EndProject
Project("{FAE04EC0-301F-11D3-BF4B-00C04F79EFBC}") = "B-SubProtocol", "Samples\SubProtocol\B-SubProtocol.csproj", "{066E13FB-95EE-47FB-9EED-873E17629CCC}"
EndProject
Project("{2150E333-8FDC-42A3-9474-1A3956D46DE8}") = "2-Medium", "2-Medium", "{963894AB-410B-4537-ABE1-3A81A9DC1CF9}"
EndProject
Project("{FAE04EC0-301F-11D3-BF4B-00C04F79EFBC}") = "C-StartByConfig", "Samples\StartByConfig\C-StartByConfig.csproj", "{65BB78C6-17BF-43A7-A174-7144876F6923}"
EndProject
Project("{2150E333-8FDC-42A3-9474-1A3956D46DE8}") = "C-StartByConfig", "C-StartByConfig", "{5C394C5A-B1E1-43D5-887F-7169C2754320}"
EndProject
Project("{2150E333-8FDC-42A3-9474-1A3956D46DE8}") = "A-BasicConsole", "A-BasicConsole", "{1A3AEB85-C3E2-4B2B-A319-8FC1C637E25E}"
EndProject
Project("{2150E333-8FDC-42A3-9474-1A3956D46DE8}") = "B-SubProtocol", "B-SubProtocol", "{726E3A91-48C7-429D-B6EE-B9F244873844}"
EndProject
Project("{2150E333-8FDC-42A3-9474-1A3956D46DE8}") = "D-StartBy(SuperSocket.SocketService.exe)", "D-StartBy(SuperSocket.SocketService.exe)", "{7D0E7F6F-27F0-46A1-8068-C8E7E26EC765}"
	ProjectSection(SolutionItems) = preProject
		Reference\SuperSocket\Net40\Debug\InstallService.bat = Reference\SuperSocket\Net40\Debug\InstallService.bat
		Samples\D-StartBy(SuperSocket.SocketService.exe)\readme.txt = Samples\D-StartBy(SuperSocket.SocketService.exe)\readme.txt
		Reference\SuperSocket\Net40\Debug\SuperSocket.SocketService.exe = Reference\SuperSocket\Net40\Debug\SuperSocket.SocketService.exe
		Reference\SuperSocket\Net40\Debug\UninstallService.bat = Reference\SuperSocket\Net40\Debug\UninstallService.bat
	EndProjectSection
EndProject
Project("{FAE04EC0-301F-11D3-BF4B-00C04F79EFBC}") = "SuperWebSocketTest", "SuperWebSocketTest\SuperWebSocketTest.csproj", "{9EF7E84D-B746-4285-A89A-5A515AB540EA}"
EndProject
Global
	GlobalSection(SolutionConfigurationPlatforms) = preSolution
		Debug|Any CPU = Debug|Any CPU
		Debug|Mixed Platforms = Debug|Mixed Platforms
		Debug|x86 = Debug|x86
		Release|Any CPU = Release|Any CPU
		Release|Mixed Platforms = Release|Mixed Platforms
		Release|x86 = Release|x86
	EndGlobalSection
	GlobalSection(ProjectConfigurationPlatforms) = postSolution
		{2DC79E40-BB70-4F6A-B378-905F2FBC6E97}.Debug|Any CPU.ActiveCfg = Debug|Any CPU
		{2DC79E40-BB70-4F6A-B378-905F2FBC6E97}.Debug|Any CPU.Build.0 = Debug|Any CPU
		{2DC79E40-BB70-4F6A-B378-905F2FBC6E97}.Debug|Mixed Platforms.ActiveCfg = Debug|Any CPU
		{2DC79E40-BB70-4F6A-B378-905F2FBC6E97}.Debug|Mixed Platforms.Build.0 = Debug|Any CPU
		{2DC79E40-BB70-4F6A-B378-905F2FBC6E97}.Debug|x86.ActiveCfg = Debug|Any CPU
		{2DC79E40-BB70-4F6A-B378-905F2FBC6E97}.Release|Any CPU.ActiveCfg = Release|Any CPU
		{2DC79E40-BB70-4F6A-B378-905F2FBC6E97}.Release|Any CPU.Build.0 = Release|Any CPU
		{2DC79E40-BB70-4F6A-B378-905F2FBC6E97}.Release|Mixed Platforms.ActiveCfg = Release|Any CPU
		{2DC79E40-BB70-4F6A-B378-905F2FBC6E97}.Release|Mixed Platforms.Build.0 = Release|Any CPU
		{2DC79E40-BB70-4F6A-B378-905F2FBC6E97}.Release|x86.ActiveCfg = Release|Any CPU
		{9BA4110E-41D7-491B-9BAD-50C0EB10CFBC}.Debug|Any CPU.ActiveCfg = Debug|Any CPU
		{9BA4110E-41D7-491B-9BAD-50C0EB10CFBC}.Debug|Any CPU.Build.0 = Debug|Any CPU
		{9BA4110E-41D7-491B-9BAD-50C0EB10CFBC}.Debug|Mixed Platforms.ActiveCfg = Debug|Any CPU
		{9BA4110E-41D7-491B-9BAD-50C0EB10CFBC}.Debug|Mixed Platforms.Build.0 = Debug|Any CPU
		{9BA4110E-41D7-491B-9BAD-50C0EB10CFBC}.Debug|x86.ActiveCfg = Debug|Any CPU
		{9BA4110E-41D7-491B-9BAD-50C0EB10CFBC}.Release|Any CPU.ActiveCfg = Release|Any CPU
		{9BA4110E-41D7-491B-9BAD-50C0EB10CFBC}.Release|Any CPU.Build.0 = Release|Any CPU
		{9BA4110E-41D7-491B-9BAD-50C0EB10CFBC}.Release|Mixed Platforms.ActiveCfg = Release|Any CPU
		{9BA4110E-41D7-491B-9BAD-50C0EB10CFBC}.Release|Mixed Platforms.Build.0 = Release|Any CPU
		{9BA4110E-41D7-491B-9BAD-50C0EB10CFBC}.Release|x86.ActiveCfg = Release|Any CPU
		{4A8713F5-DF02-4424-81F2-D112C615ADC2}.Debug|Any CPU.ActiveCfg = Debug|Any CPU
		{4A8713F5-DF02-4424-81F2-D112C615ADC2}.Debug|Any CPU.Build.0 = Debug|Any CPU
		{4A8713F5-DF02-4424-81F2-D112C615ADC2}.Debug|Mixed Platforms.ActiveCfg = Debug|Any CPU
		{4A8713F5-DF02-4424-81F2-D112C615ADC2}.Debug|Mixed Platforms.Build.0 = Debug|Any CPU
		{4A8713F5-DF02-4424-81F2-D112C615ADC2}.Debug|x86.ActiveCfg = Debug|Any CPU
		{4A8713F5-DF02-4424-81F2-D112C615ADC2}.Release|Any CPU.ActiveCfg = Release|Any CPU
		{4A8713F5-DF02-4424-81F2-D112C615ADC2}.Release|Any CPU.Build.0 = Release|Any CPU
		{4A8713F5-DF02-4424-81F2-D112C615ADC2}.Release|Mixed Platforms.ActiveCfg = Release|Any CPU
		{4A8713F5-DF02-4424-81F2-D112C615ADC2}.Release|Mixed Platforms.Build.0 = Release|Any CPU
		{4A8713F5-DF02-4424-81F2-D112C615ADC2}.Release|x86.ActiveCfg = Release|Any CPU
		{31511A5E-6A0E-4DA3-AD7A-8C239634AF8A}.Debug|Any CPU.ActiveCfg = Debug|Any CPU
		{31511A5E-6A0E-4DA3-AD7A-8C239634AF8A}.Debug|Any CPU.Build.0 = Debug|Any CPU
		{31511A5E-6A0E-4DA3-AD7A-8C239634AF8A}.Debug|Mixed Platforms.ActiveCfg = Debug|Any CPU
		{31511A5E-6A0E-4DA3-AD7A-8C239634AF8A}.Debug|Mixed Platforms.Build.0 = Debug|Any CPU
		{31511A5E-6A0E-4DA3-AD7A-8C239634AF8A}.Debug|x86.ActiveCfg = Debug|Any CPU
		{31511A5E-6A0E-4DA3-AD7A-8C239634AF8A}.Release|Any CPU.ActiveCfg = Release|Any CPU
		{31511A5E-6A0E-4DA3-AD7A-8C239634AF8A}.Release|Any CPU.Build.0 = Release|Any CPU
		{31511A5E-6A0E-4DA3-AD7A-8C239634AF8A}.Release|Mixed Platforms.ActiveCfg = Release|Any CPU
		{31511A5E-6A0E-4DA3-AD7A-8C239634AF8A}.Release|Mixed Platforms.Build.0 = Release|Any CPU
		{31511A5E-6A0E-4DA3-AD7A-8C239634AF8A}.Release|x86.ActiveCfg = Release|Any CPU
		{F922B5DE-5CCD-46D7-8F6A-F50EF45661F8}.Debug|Any CPU.ActiveCfg = Debug|Any CPU
		{F922B5DE-5CCD-46D7-8F6A-F50EF45661F8}.Debug|Any CPU.Build.0 = Debug|Any CPU
		{F922B5DE-5CCD-46D7-8F6A-F50EF45661F8}.Debug|Mixed Platforms.ActiveCfg = Debug|Any CPU
		{F922B5DE-5CCD-46D7-8F6A-F50EF45661F8}.Debug|Mixed Platforms.Build.0 = Debug|Any CPU
		{F922B5DE-5CCD-46D7-8F6A-F50EF45661F8}.Debug|x86.ActiveCfg = Debug|Any CPU
		{F922B5DE-5CCD-46D7-8F6A-F50EF45661F8}.Release|Any CPU.ActiveCfg = Release|Any CPU
		{F922B5DE-5CCD-46D7-8F6A-F50EF45661F8}.Release|Any CPU.Build.0 = Release|Any CPU
		{F922B5DE-5CCD-46D7-8F6A-F50EF45661F8}.Release|Mixed Platforms.ActiveCfg = Release|Any CPU
		{F922B5DE-5CCD-46D7-8F6A-F50EF45661F8}.Release|Mixed Platforms.Build.0 = Release|Any CPU
		{F922B5DE-5CCD-46D7-8F6A-F50EF45661F8}.Release|x86.ActiveCfg = Release|Any CPU
		{535FD785-14A4-4E44-B07A-B697A667FB58}.Debug|Any CPU.ActiveCfg = Debug|Any CPU
		{535FD785-14A4-4E44-B07A-B697A667FB58}.Debug|Any CPU.Build.0 = Debug|Any CPU
		{535FD785-14A4-4E44-B07A-B697A667FB58}.Debug|Mixed Platforms.ActiveCfg = Debug|Any CPU
		{535FD785-14A4-4E44-B07A-B697A667FB58}.Debug|Mixed Platforms.Build.0 = Debug|Any CPU
		{535FD785-14A4-4E44-B07A-B697A667FB58}.Debug|x86.ActiveCfg = Debug|Any CPU
		{535FD785-14A4-4E44-B07A-B697A667FB58}.Release|Any CPU.ActiveCfg = Release|Any CPU
		{535FD785-14A4-4E44-B07A-B697A667FB58}.Release|Any CPU.Build.0 = Release|Any CPU
		{535FD785-14A4-4E44-B07A-B697A667FB58}.Release|Mixed Platforms.ActiveCfg = Release|Any CPU
		{535FD785-14A4-4E44-B07A-B697A667FB58}.Release|Mixed Platforms.Build.0 = Release|Any CPU
		{535FD785-14A4-4E44-B07A-B697A667FB58}.Release|x86.ActiveCfg = Release|Any CPU
		{066E13FB-95EE-47FB-9EED-873E17629CCC}.Debug|Any CPU.ActiveCfg = Debug|Any CPU
		{066E13FB-95EE-47FB-9EED-873E17629CCC}.Debug|Any CPU.Build.0 = Debug|Any CPU
		{066E13FB-95EE-47FB-9EED-873E17629CCC}.Debug|Mixed Platforms.ActiveCfg = Debug|Any CPU
		{066E13FB-95EE-47FB-9EED-873E17629CCC}.Debug|Mixed Platforms.Build.0 = Debug|Any CPU
		{066E13FB-95EE-47FB-9EED-873E17629CCC}.Debug|x86.ActiveCfg = Debug|Any CPU
		{066E13FB-95EE-47FB-9EED-873E17629CCC}.Release|Any CPU.ActiveCfg = Release|Any CPU
		{066E13FB-95EE-47FB-9EED-873E17629CCC}.Release|Any CPU.Build.0 = Release|Any CPU
		{066E13FB-95EE-47FB-9EED-873E17629CCC}.Release|Mixed Platforms.ActiveCfg = Release|Any CPU
		{066E13FB-95EE-47FB-9EED-873E17629CCC}.Release|Mixed Platforms.Build.0 = Release|Any CPU
		{066E13FB-95EE-47FB-9EED-873E17629CCC}.Release|x86.ActiveCfg = Release|Any CPU
		{65BB78C6-17BF-43A7-A174-7144876F6923}.Debug|Any CPU.ActiveCfg = Debug|Any CPU
		{65BB78C6-17BF-43A7-A174-7144876F6923}.Debug|Any CPU.Build.0 = Debug|Any CPU
		{65BB78C6-17BF-43A7-A174-7144876F6923}.Debug|Mixed Platforms.ActiveCfg = Debug|Any CPU
		{65BB78C6-17BF-43A7-A174-7144876F6923}.Debug|Mixed Platforms.Build.0 = Debug|Any CPU
		{65BB78C6-17BF-43A7-A174-7144876F6923}.Debug|x86.ActiveCfg = Debug|Any CPU
		{65BB78C6-17BF-43A7-A174-7144876F6923}.Release|Any CPU.ActiveCfg = Release|Any CPU
		{65BB78C6-17BF-43A7-A174-7144876F6923}.Release|Any CPU.Build.0 = Release|Any CPU
		{65BB78C6-17BF-43A7-A174-7144876F6923}.Release|Mixed Platforms.ActiveCfg = Release|Any CPU
		{65BB78C6-17BF-43A7-A174-7144876F6923}.Release|Mixed Platforms.Build.0 = Release|Any CPU
		{65BB78C6-17BF-43A7-A174-7144876F6923}.Release|x86.ActiveCfg = Release|Any CPU
		{9EF7E84D-B746-4285-A89A-5A515AB540EA}.Debug|Any CPU.ActiveCfg = Debug|Any CPU
		{9EF7E84D-B746-4285-A89A-5A515AB540EA}.Debug|Any CPU.Build.0 = Debug|Any CPU
		{9EF7E84D-B746-4285-A89A-5A515AB540EA}.Debug|Mixed Platforms.ActiveCfg = Debug|Any CPU
		{9EF7E84D-B746-4285-A89A-5A515AB540EA}.Debug|Mixed Platforms.Build.0 = Debug|Any CPU
		{9EF7E84D-B746-4285-A89A-5A515AB540EA}.Debug|x86.ActiveCfg = Debug|Any CPU
		{9EF7E84D-B746-4285-A89A-5A515AB540EA}.Release|Any CPU.ActiveCfg = Release|Any CPU
		{9EF7E84D-B746-4285-A89A-5A515AB540EA}.Release|Any CPU.Build.0 = Release|Any CPU
		{9EF7E84D-B746-4285-A89A-5A515AB540EA}.Release|Mixed Platforms.ActiveCfg = Release|Any CPU
		{9EF7E84D-B746-4285-A89A-5A515AB540EA}.Release|Mixed Platforms.Build.0 = Release|Any CPU
		{9EF7E84D-B746-4285-A89A-5A515AB540EA}.Release|x86.ActiveCfg = Release|Any CPU
	EndGlobalSection
	GlobalSection(SolutionProperties) = preSolution
		HideSolutionNode = FALSE
	EndGlobalSection
	GlobalSection(NestedProjects) = preSolution
		{2DC79E40-BB70-4F6A-B378-905F2FBC6E97} = {84BF674C-48D4-45B8-95E1-5D8994DBC0D7}
		{9EF7E84D-B746-4285-A89A-5A515AB540EA} = {84BF674C-48D4-45B8-95E1-5D8994DBC0D7}
		{31511A5E-6A0E-4DA3-AD7A-8C239634AF8A} = {963894AB-410B-4537-ABE1-3A81A9DC1CF9}
		{F922B5DE-5CCD-46D7-8F6A-F50EF45661F8} = {963894AB-410B-4537-ABE1-3A81A9DC1CF9}
		{9BA4110E-41D7-491B-9BAD-50C0EB10CFBC} = {963894AB-410B-4537-ABE1-3A81A9DC1CF9}
		{5C394C5A-B1E1-43D5-887F-7169C2754320} = {0BF437CD-DA39-4384-A134-DE7103728B23}
		{1A3AEB85-C3E2-4B2B-A319-8FC1C637E25E} = {0BF437CD-DA39-4384-A134-DE7103728B23}
		{726E3A91-48C7-429D-B6EE-B9F244873844} = {0BF437CD-DA39-4384-A134-DE7103728B23}
		{7D0E7F6F-27F0-46A1-8068-C8E7E26EC765} = {0BF437CD-DA39-4384-A134-DE7103728B23}
		{65BB78C6-17BF-43A7-A174-7144876F6923} = {5C394C5A-B1E1-43D5-887F-7169C2754320}
		{4A8713F5-DF02-4424-81F2-D112C615ADC2} = {5C394C5A-B1E1-43D5-887F-7169C2754320}
		{535FD785-14A4-4E44-B07A-B697A667FB58} = {1A3AEB85-C3E2-4B2B-A319-8FC1C637E25E}
		{066E13FB-95EE-47FB-9EED-873E17629CCC} = {726E3A91-48C7-429D-B6EE-B9F244873844}
	EndGlobalSection
	GlobalSection(MonoDevelopProperties) = preSolution
		StartupItem = SuperWebSocket\SuperWebSocket.csproj
	EndGlobalSection
EndGlobal
