
Microsoft Visual Studio Solution File, Format Version 11.00
# Visual Studio 2010
Project("{FAE04EC0-301F-11D3-BF4B-00C04F79EFBC}") = "TestServer", "TestServer\TestServer.csproj", "{C5CA2D84-EDED-4551-8677-8F5DEB642FEA}"
EndProject
Project("{FAE04EC0-301F-11D3-BF4B-00C04F79EFBC}") = "SuperWebSocket", "..\SuperWebSocket\SuperWebSocket.csproj", "{2DC79E40-BB70-4F6A-B378-905F2FBC6E97}"
EndProject
Project("{FAE04EC0-301F-11D3-BF4B-00C04F79EFBC}") = "TestClient", "TestClient\TestClient.csproj", "{C26632D0-CEB6-41D8-A47D-D7FD1019D287}"
EndProject
Project("{FAE04EC0-301F-11D3-BF4B-00C04F79EFBC}") = "TestSingleClient", "TestSingleClient\TestSingleClient.csproj", "{059063F8-0640-4F8B-967B-5D4D670FB76C}"
EndProject
Project("{FAE04EC0-301F-11D3-BF4B-00C04F79EFBC}") = "TestClientOneVOne", "TestClientOneVOne\TestClientOneVOne.csproj", "{878516BD-8CB3-4668-A49F-B712B302104D}"
EndProject
Global
	GlobalSection(SolutionConfigurationPlatforms) = preSolution
		Debug|Any CPU = Debug|Any CPU
		Debug|Mixed Platforms = Debug|Mixed Platforms
		Debug|x86 = Debug|x86
		Release|Any CPU = Release|Any CPU
		Release|Mixed Platforms = Release|Mixed Platforms
		Release|x86 = Release|x86
	EndGlobalSection
	GlobalSection(ProjectConfigurationPlatforms) = postSolution
		{C5CA2D84-EDED-4551-8677-8F5DEB642FEA}.Debug|Any CPU.ActiveCfg = Debug|Any CPU
		{C5CA2D84-EDED-4551-8677-8F5DEB642FEA}.Debug|Any CPU.Build.0 = Debug|Any CPU
		{C5CA2D84-EDED-4551-8677-8F5DEB642FEA}.Debug|Mixed Platforms.ActiveCfg = Debug|Any CPU
		{C5CA2D84-EDED-4551-8677-8F5DEB642FEA}.Debug|Mixed Platforms.Build.0 = Debug|Any CPU
		{C5CA2D84-EDED-4551-8677-8F5DEB642FEA}.Debug|x86.ActiveCfg = Debug|Any CPU
		{C5CA2D84-EDED-4551-8677-8F5DEB642FEA}.Release|Any CPU.ActiveCfg = Release|Any CPU
		{C5CA2D84-EDED-4551-8677-8F5DEB642FEA}.Release|Any CPU.Build.0 = Release|Any CPU
		{C5CA2D84-EDED-4551-8677-8F5DEB642FEA}.Release|Mixed Platforms.ActiveCfg = Release|Any CPU
		{C5CA2D84-EDED-4551-8677-8F5DEB642FEA}.Release|Mixed Platforms.Build.0 = Release|Any CPU
		{C5CA2D84-EDED-4551-8677-8F5DEB642FEA}.Release|x86.ActiveCfg = Release|Any CPU
		{2DC79E40-BB70-4F6A-B378-905F2FBC6E97}.Debug|Any CPU.ActiveCfg = Debug|Any CPU
		{2DC79E40-BB70-4F6A-B378-905F2FBC6E97}.Debug|Any CPU.Build.0 = Debug|Any CPU
		{2DC79E40-BB70-4F6A-B378-905F2FBC6E97}.Debug|Mixed Platforms.ActiveCfg = Debug|Any CPU
		{2DC79E40-BB70-4F6A-B378-905F2FBC6E97}.Debug|Mixed Platforms.Build.0 = Debug|Any CPU
		{2DC79E40-BB70-4F6A-B378-905F2FBC6E97}.Debug|x86.ActiveCfg = Debug|Any CPU
		{2DC79E40-BB70-4F6A-B378-905F2FBC6E97}.Release|Any CPU.ActiveCfg = Release|Any CPU
		{2DC79E40-BB70-4F6A-B378-905F2FBC6E97}.Release|Any CPU.Build.0 = Release|Any CPU
		{2DC79E40-BB70-4F6A-B378-905F2FBC6E97}.Release|Mixed Platforms.ActiveCfg = Release|Any CPU
		{2DC79E40-BB70-4F6A-B378-905F2FBC6E97}.Release|Mixed Platforms.Build.0 = Release|Any CPU
		{2DC79E40-BB70-4F6A-B378-905F2FBC6E97}.Release|x86.ActiveCfg = Release|Any CPU
		{C26632D0-CEB6-41D8-A47D-D7FD1019D287}.Debug|Any CPU.ActiveCfg = Debug|Any CPU
		{C26632D0-CEB6-41D8-A47D-D7FD1019D287}.Debug|Any CPU.Build.0 = Debug|Any CPU
		{C26632D0-CEB6-41D8-A47D-D7FD1019D287}.Debug|Mixed Platforms.ActiveCfg = Debug|Any CPU
		{C26632D0-CEB6-41D8-A47D-D7FD1019D287}.Debug|Mixed Platforms.Build.0 = Debug|Any CPU
		{C26632D0-CEB6-41D8-A47D-D7FD1019D287}.Debug|x86.ActiveCfg = Debug|Any CPU
		{C26632D0-CEB6-41D8-A47D-D7FD1019D287}.Release|Any CPU.ActiveCfg = Release|Any CPU
		{C26632D0-CEB6-41D8-A47D-D7FD1019D287}.Release|Any CPU.Build.0 = Release|Any CPU
		{C26632D0-CEB6-41D8-A47D-D7FD1019D287}.Release|Mixed Platforms.ActiveCfg = Release|Any CPU
		{C26632D0-CEB6-41D8-A47D-D7FD1019D287}.Release|Mixed Platforms.Build.0 = Release|Any CPU
		{C26632D0-CEB6-41D8-A47D-D7FD1019D287}.Release|x86.ActiveCfg = Release|Any CPU
		{059063F8-0640-4F8B-967B-5D4D670FB76C}.Debug|Any CPU.ActiveCfg = Debug|x86
		{059063F8-0640-4F8B-967B-5D4D670FB76C}.Debug|Mixed Platforms.ActiveCfg = Debug|x86
		{059063F8-0640-4F8B-967B-5D4D670FB76C}.Debug|Mixed Platforms.Build.0 = Debug|x86
		{059063F8-0640-4F8B-967B-5D4D670FB76C}.Debug|x86.ActiveCfg = Debug|x86
		{059063F8-0640-4F8B-967B-5D4D670FB76C}.Debug|x86.Build.0 = Debug|x86
		{059063F8-0640-4F8B-967B-5D4D670FB76C}.Release|Any CPU.ActiveCfg = Release|x86
		{059063F8-0640-4F8B-967B-5D4D670FB76C}.Release|Mixed Platforms.ActiveCfg = Release|x86
		{059063F8-0640-4F8B-967B-5D4D670FB76C}.Release|Mixed Platforms.Build.0 = Release|x86
		{059063F8-0640-4F8B-967B-5D4D670FB76C}.Release|x86.ActiveCfg = Release|x86
		{059063F8-0640-4F8B-967B-5D4D670FB76C}.Release|x86.Build.0 = Release|x86
		{878516BD-8CB3-4668-A49F-B712B302104D}.Debug|Any CPU.ActiveCfg = Debug|Any CPU
		{878516BD-8CB3-4668-A49F-B712B302104D}.Debug|Any CPU.Build.0 = Debug|Any CPU
		{878516BD-8CB3-4668-A49F-B712B302104D}.Debug|Mixed Platforms.ActiveCfg = Debug|Any CPU
		{878516BD-8CB3-4668-A49F-B712B302104D}.Debug|Mixed Platforms.Build.0 = Debug|Any CPU
		{878516BD-8CB3-4668-A49F-B712B302104D}.Debug|x86.ActiveCfg = Debug|Any CPU
		{878516BD-8CB3-4668-A49F-B712B302104D}.Release|Any CPU.ActiveCfg = Release|Any CPU
		{878516BD-8CB3-4668-A49F-B712B302104D}.Release|Any CPU.Build.0 = Release|Any CPU
		{878516BD-8CB3-4668-A49F-B712B302104D}.Release|Mixed Platforms.ActiveCfg = Release|Any CPU
		{878516BD-8CB3-4668-A49F-B712B302104D}.Release|Mixed Platforms.Build.0 = Release|Any CPU
		{878516BD-8CB3-4668-A49F-B712B302104D}.Release|x86.ActiveCfg = Release|Any CPU
	EndGlobalSection
	GlobalSection(SolutionProperties) = preSolution
		HideSolutionNode = FALSE
	EndGlobalSection
EndGlobal
