
Microsoft Visual Studio Solution File, Format Version 11.00
# Visual Studio 2010
Project("{FAE04EC0-301F-11D3-BF4B-00C04F79EFBC}") = "WebSocketClient", "WebSocketClient\WebSocketClient.csproj", "{6920447F-76B1-4739-822E-9CE3A2882718}"
EndProject
Project("{FAE04EC0-301F-11D3-BF4B-00C04F79EFBC}") = "WebSocketClient.Silverlight", "WebSocketClient.Silverlight\WebSocketClient.Silverlight.csproj", "{57D44E92-7B6F-4F3D-8755-FBB1E1456C36}"
EndProject
Global
	GlobalSection(SolutionConfigurationPlatforms) = preSolution
		Debug|Any CPU = Debug|Any CPU
		Release|Any CPU = Release|Any CPU
	EndGlobalSection
	GlobalSection(ProjectConfigurationPlatforms) = postSolution
		{6920447F-76B1-4739-822E-9CE3A2882718}.Debug|Any CPU.ActiveCfg = Debug|Any CPU
		{6920447F-76B1-4739-822E-9CE3A2882718}.Debug|Any CPU.Build.0 = Debug|Any CPU
		{6920447F-76B1-4739-822E-9CE3A2882718}.Release|Any CPU.ActiveCfg = Release|Any CPU
		{6920447F-76B1-4739-822E-9CE3A2882718}.Release|Any CPU.Build.0 = Release|Any CPU
		{57D44E92-7B6F-4F3D-8755-FBB1E1456C36}.Debug|Any CPU.ActiveCfg = Debug|Any CPU
		{57D44E92-7B6F-4F3D-8755-FBB1E1456C36}.Debug|Any CPU.Build.0 = Debug|Any CPU
		{57D44E92-7B6F-4F3D-8755-FBB1E1456C36}.Release|Any CPU.ActiveCfg = Release|Any CPU
		{57D44E92-7B6F-4F3D-8755-FBB1E1456C36}.Release|Any CPU.Build.0 = Release|Any CPU
	EndGlobalSection
	GlobalSection(SolutionProperties) = preSolution
		HideSolutionNode = FALSE
	EndGlobalSection
EndGlobal
